
Microsoft Visual Studio Solution File, Format Version 12.00
# Visual Studio Version 17
VisualStudioVersion = 17.10.35122.118
MinimumVisualStudioVersion = 10.0.40219.1
Project("{FAE04EC0-301F-11D3-BF4B-00C04F79EFBC}") = "SolidPrinciplesExample", "SolidPrinciplesExample\SolidPrinciplesExample.csproj", "{C7BCAC96-5110-4CB1-AEC6-3904F6F0625B}"
EndProject
Global
	GlobalSection(SolutionConfigurationPlatforms) = preSolution
		Debug|Any CPU = Debug|Any CPU
		Release|Any CPU = Release|Any CPU
	EndGlobalSection
	GlobalSection(ProjectConfigurationPlatforms) = postSolution
		{C7BCAC96-5110-4CB1-AEC6-3904F6F0625B}.Debug|Any CPU.ActiveCfg = Debug|Any CPU
		{C7BCAC96-5110-4CB1-AEC6-3904F6F0625B}.Debug|Any CPU.Build.0 = Debug|Any CPU
		{C7BCAC96-5110-4CB1-AEC6-3904F6F0625B}.Release|Any CPU.ActiveCfg = Release|Any CPU
		{C7BCAC96-5110-4CB1-AEC6-3904F6F0625B}.Release|Any CPU.Build.0 = Release|Any CPU
	EndGlobalSection
	GlobalSection(SolutionProperties) = preSolution
		HideSolutionNode = FALSE
	EndGlobalSection
	GlobalSection(ExtensibilityGlobals) = postSolution
		SolutionGuid = {9FE21266-FEA2-4326-AF5E-6E4165160BE4}
	EndGlobalSection
EndGlobal
